
Microsoft Visual Studio Solution File, Format Version 12.00
# Visual Studio Version 16
VisualStudioVersion = 16.0.29709.97
MinimumVisualStudioVersion = 10.0.40219.1
Project("{888888A0-9F3D-457C-B088-3A5042F75D52}") = "Savanna-Python-SDK", "savanna\Savanna-Python-SDK.pyproj", "{157E18E2-41FF-4CA6-88CF-E1B6CDAFC670}"
EndProject
Global
	GlobalSection(SolutionConfigurationPlatforms) = preSolution
		Debug|Any CPU = Debug|Any CPU
		Release|Any CPU = Release|Any CPU
	EndGlobalSection
	GlobalSection(ProjectConfigurationPlatforms) = postSolution
		{157E18E2-41FF-4CA6-88CF-E1B6CDAFC670}.Debug|Any CPU.ActiveCfg = Debug|Any CPU
		{157E18E2-41FF-4CA6-88CF-E1B6CDAFC670}.Release|Any CPU.ActiveCfg = Release|Any CPU
	EndGlobalSection
	GlobalSection(SolutionProperties) = preSolution
		HideSolutionNode = FALSE
	EndGlobalSection
	GlobalSection(ExtensibilityGlobals) = postSolution
		SolutionGuid = {EF95E073-E231-4FD0-B7B5-E85A16891B33}
	EndGlobalSection
EndGlobal
